// !$*UTF8*$!
{
	archiveVersion = 1;
	classes = {
	};
	objectVersion = 46;
	objects = {

/* Begin PBXBuildFile section */
		A90297691ABD403600B50CD7 /* main.cpp in Sources */ = {isa = PBXBuildFile; fileRef = A9C621661ABCFE25005962DC /* main.cpp */; };
		A902976B1ABD405000B50CD7 /* Object.cpp in Sources */ = {isa = PBXBuildFile; fileRef = A9C621701ABCFEA3005962DC /* Object.cpp */; };
/* End PBXBuildFile section */

/* Begin PBXCopyFilesBuildPhase section */
		A9C621611ABCFE25005962DC /* CopyFiles */ = {
			isa = PBXCopyFilesBuildPhase;
			buildActionMask = 2147483647;
			dstPath = /usr/share/man/man1/;
			dstSubfolderSpec = 0;
			files = (
			);
			runOnlyForDeploymentPostprocessing = 1;
		};
/* End PBXCopyFilesBuildPhase section */

/* Begin PBXFileReference section */
		A953770C1ABD458F00BC4037 /* PriorityQueue.cpp */ = {isa = PBXFileReference; fileEncoding = 4; lastKnownFileType = sourcecode.cpp.cpp; path = PriorityQueue.cpp; sourceTree = "<group>"; };
		A953770D1ABD458F00BC4037 /* PriorityQueue.h */ = {isa = PBXFileReference; fileEncoding = 4; lastKnownFileType = sourcecode.c.h; path = PriorityQueue.h; sourceTree = "<group>"; };
		A9C621631ABCFE25005962DC /* 210-5.5 */ = {isa = PBXFileReference; explicitFileType = "compiled.mach-o.executable"; includeInIndex = 0; path = "210-5.5"; sourceTree = BUILT_PRODUCTS_DIR; };
		A9C621661ABCFE25005962DC /* main.cpp */ = {isa = PBXFileReference; lastKnownFileType = sourcecode.cpp.cpp; path = main.cpp; sourceTree = "<group>"; };
		A9C6216D1ABCFEA3005962DC /* book.h */ = {isa = PBXFileReference; fileEncoding = 4; lastKnownFileType = sourcecode.c.h; path = book.h; sourceTree = "<group>"; };
		A9C6216F1ABCFEA3005962DC /* heap.h */ = {isa = PBXFileReference; fileEncoding = 4; lastKnownFileType = sourcecode.c.h; path = heap.h; sourceTree = "<group>"; };
		A9C621701ABCFEA3005962DC /* Object.cpp */ = {isa = PBXFileReference; fileEncoding = 4; lastKnownFileType = sourcecode.cpp.cpp; path = Object.cpp; sourceTree = "<group>"; };
		A9C621711ABCFEA3005962DC /* Object.h */ = {isa = PBXFileReference; fileEncoding = 4; lastKnownFileType = sourcecode.c.h; path = Object.h; sourceTree = "<group>"; };
		A9C621791ABD0307005962DC /* Comparator.h */ = {isa = PBXFileReference; fileEncoding = 4; lastKnownFileType = sourcecode.c.h; path = Comparator.h; sourceTree = "<group>"; };
/* End PBXFileReference section */

/* Begin PBXFrameworksBuildPhase section */
		A9C621601ABCFE25005962DC /* Frameworks */ = {
			isa = PBXFrameworksBuildPhase;
			buildActionMask = 2147483647;
			files = (
			);
			runOnlyForDeploymentPostprocessing = 0;
		};
/* End PBXFrameworksBuildPhase section */

/* Begin PBXGroup section */
		A9C6215A1ABCFE25005962DC = {
			isa = PBXGroup;
			children = (
				A9C621651ABCFE25005962DC /* 210-5.5 */,
				A9C621641ABCFE25005962DC /* Products */,
			);
			sourceTree = "<group>";
		};
		A9C621641ABCFE25005962DC /* Products */ = {
			isa = PBXGroup;
			children = (
				A9C621631ABCFE25005962DC /* 210-5.5 */,
			);
			name = Products;
			sourceTree = "<group>";
		};
		A9C621651ABCFE25005962DC /* 210-5.5 */ = {
			isa = PBXGroup;
			children = (
				A9C621661ABCFE25005962DC /* main.cpp */,
				A9C6216D1ABCFEA3005962DC /* book.h */,
				A9C6216F1ABCFEA3005962DC /* heap.h */,
				A9C621791ABD0307005962DC /* Comparator.h */,
				A9C621711ABCFEA3005962DC /* Object.h */,
				A9C621701ABCFEA3005962DC /* Object.cpp */,
				A953770D1ABD458F00BC4037 /* PriorityQueue.h */,
				A953770C1ABD458F00BC4037 /* PriorityQueue.cpp */,
			);
			path = "210-5.5";
			sourceTree = "<group>";
		};
/* End PBXGroup section */

/* Begin PBXNativeTarget section */
		A9C621621ABCFE25005962DC /* 210-5.5 */ = {
			isa = PBXNativeTarget;
			buildConfigurationList = A9C6216A1ABCFE25005962DC /* Build configuration list for PBXNativeTarget "210-5.5" */;
			buildPhases = (
				A9C6215F1ABCFE25005962DC /* Sources */,
				A9C621601ABCFE25005962DC /* Frameworks */,
				A9C621611ABCFE25005962DC /* CopyFiles */,
			);
			buildRules = (
			);
			dependencies = (
			);
			name = "210-5.5";
			productName = "210-5.5";
			productReference = A9C621631ABCFE25005962DC /* 210-5.5 */;
			productType = "com.apple.product-type.tool";
		};
/* End PBXNativeTarget section */

/* Begin PBXProject section */
		A9C6215B1ABCFE25005962DC /* Project object */ = {
			isa = PBXProject;
			attributes = {
				LastUpgradeCheck = 0620;
				ORGANIZATIONNAME = CWL;
				TargetAttributes = {
					A9C621621ABCFE25005962DC = {
						CreatedOnToolsVersion = 6.2;
					};
				};
			};
			buildConfigurationList = A9C6215E1ABCFE25005962DC /* Build configuration list for PBXProject "210-5.5" */;
			compatibilityVersion = "Xcode 3.2";
			developmentRegion = English;
			hasScannedForEncodings = 0;
			knownRegions = (
				en,
			);
			mainGroup = A9C6215A1ABCFE25005962DC;
			productRefGroup = A9C621641ABCFE25005962DC /* Products */;
			projectDirPath = "";
			projectRoot = "";
			targets = (
				A9C621621ABCFE25005962DC /* 210-5.5 */,
			);
		};
/* End PBXProject section */

/* Begin PBXSourcesBuildPhase section */
		A9C6215F1ABCFE25005962DC /* Sources */ = {
			isa = PBXSourcesBuildPhase;
			buildActionMask = 2147483647;
			files = (
				A902976B1ABD405000B50CD7 /* Object.cpp in Sources */,
				A90297691ABD403600B50CD7 /* main.cpp in Sources */,
			);
			runOnlyForDeploymentPostprocessing = 0;
		};
/* End PBXSourcesBuildPhase section */

/* Begin XCBuildConfiguration section */
		A9C621681ABCFE25005962DC /* Debug */ = {
			isa = XCBuildConfiguration;
			buildSettings = {
				ALWAYS_SEARCH_USER_PATHS = NO;
				CLANG_CXX_LANGUAGE_STANDARD = "gnu++0x";
				CLANG_CXX_LIBRARY = "libc++";
				CLANG_ENABLE_MODULES = YES;
				CLANG_ENABLE_OBJC_ARC = YES;
				CLANG_WARN_BOOL_CONVERSION = YES;
				CLANG_WARN_CONSTANT_CONVERSION = YES;
				CLANG_WARN_DIRECT_OBJC_ISA_USAGE = YES_ERROR;
				CLANG_WARN_EMPTY_BODY = YES;
				CLANG_WARN_ENUM_CONVERSION = YES;
				CLANG_WARN_INT_CONVERSION = YES;
				CLANG_WARN_OBJC_ROOT_CLASS = YES_ERROR;
				CLANG_WARN_UNREACHABLE_CODE = YES;
				CLANG_WARN__DUPLICATE_METHOD_MATCH = YES;
				COPY_PHASE_STRIP = NO;
				ENABLE_STRICT_OBJC_MSGSEND = YES;
				GCC_C_LANGUAGE_STANDARD = gnu99;
				GCC_DYNAMIC_NO_PIC = NO;
				GCC_OPTIMIZATION_LEVEL = 0;
				GCC_PREPROCESSOR_DEFINITIONS = (
					"DEBUG=1",
					"$(inherited)",
				);
				GCC_SYMBOLS_PRIVATE_EXTERN = NO;
				GCC_WARN_64_TO_32_BIT_CONVERSION = YES;
				GCC_WARN_ABOUT_RETURN_TYPE = YES_ERROR;
				GCC_WARN_UNDECLARED_SELECTOR = YES;
				GCC_WARN_UNINITIALIZED_AUTOS = YES_AGGRESSIVE;
				GCC_WARN_UNUSED_FUNCTION = YES;
				GCC_WARN_UNUSED_VARIABLE = YES;
				MACOSX_DEPLOYMENT_TARGET = 10.10;
				MTL_ENABLE_DEBUG_INFO = YES;
				ONLY_ACTIVE_ARCH = YES;
				SDKROOT = macosx;
			};
			name = Debug;
		};
		A9C621691ABCFE25005962DC /* Release */ = {
			isa = XCBuildConfiguration;
			buildSettings = {
				ALWAYS_SEARCH_USER_PATHS = NO;
				CLANG_CXX_LANGUAGE_STANDARD = "gnu++0x";
				CLANG_CXX_LIBRARY = "libc++";
				CLANG_ENABLE_MODULES = YES;
				CLANG_ENABLE_OBJC_ARC = YES;
				CLANG_WARN_BOOL_CONVERSION = YES;
				CLANG_WARN_CONSTANT_CONVERSION = YES;
				CLANG_WARN_DIRECT_OBJC_ISA_USAGE = YES_ERROR;
				CLANG_WARN_EMPTY_BODY = YES;
				CLANG_WARN_ENUM_CONVERSION = YES;
				CLANG_WARN_INT_CONVERSION = YES;
				CLANG_WARN_OBJC_ROOT_CLASS = YES_ERROR;
				CLANG_WARN_UNREACHABLE_CODE = YES;
				CLANG_WARN__DUPLICATE_METHOD_MATCH = YES;
				COPY_PHASE_STRIP = NO;
				DEBUG_INFORMATION_FORMAT = "dwarf-with-dsym";
				ENABLE_NS_ASSERTIONS = NO;
				ENABLE_STRICT_OBJC_MSGSEND = YES;
				GCC_C_LANGUAGE_STANDARD = gnu99;
				GCC_WARN_64_TO_32_BIT_CONVERSION = YES;
				GCC_WARN_ABOUT_RETURN_TYPE = YES_ERROR;
				GCC_WARN_UNDECLARED_SELECTOR = YES;
				GCC_WARN_UNINITIALIZED_AUTOS = YES_AGGRESSIVE;
				GCC_WARN_UNUSED_FUNCTION = YES;
				GCC_WARN_UNUSED_VARIABLE = YES;
				MACOSX_DEPLOYMENT_TARGET = 10.10;
				MTL_ENABLE_DEBUG_INFO = NO;
				SDKROOT = macosx;
			};
			name = Release;
		};
		A9C6216B1ABCFE25005962DC /* Debug */ = {
			isa = XCBuildConfiguration;
			buildSettings = {
				PRODUCT_NAME = "$(TARGET_NAME)";
			};
			name = Debug;
		};
		A9C6216C1ABCFE25005962DC /* Release */ = {
			isa = XCBuildConfiguration;
			buildSettings = {
				PRODUCT_NAME = "$(TARGET_NAME)";
			};
			name = Release;
		};
/* End XCBuildConfiguration section */

/* Begin XCConfigurationList section */
		A9C6215E1ABCFE25005962DC /* Build configuration list for PBXProject "210-5.5" */ = {
			isa = XCConfigurationList;
			buildConfigurations = (
				A9C621681ABCFE25005962DC /* Debug */,
				A9C621691ABCFE25005962DC /* Release */,
			);
			defaultConfigurationIsVisible = 0;
			defaultConfigurationName = Release;
		};
		A9C6216A1ABCFE25005962DC /* Build configuration list for PBXNativeTarget "210-5.5" */ = {
			isa = XCConfigurationList;
			buildConfigurations = (
				A9C6216B1ABCFE25005962DC /* Debug */,
				A9C6216C1ABCFE25005962DC /* Release */,
			);
			defaultConfigurationIsVisible = 0;
			defaultConfigurationName = Release;
		};
/* End XCConfigurationList section */
	};
	rootObject = A9C6215B1ABCFE25005962DC /* Project object */;
}
